Microsoft Visual Studio Solution File, Format Version 12.00
# Visual Studio Version 17
VisualStudioVersion = 17.5.2.0
MinimumVisualStudioVersion = 10.0.40219.1
Project("{FAE04EC0-301F-11D3-BF4B-00C04F79EFBC}") = "Get Summation Using Sum()", "Get Summation Using Sum().csproj", "{EA6F3BCD-E9B5-ED40-0F18-5B333D1FA980}"
EndProject
Global
	GlobalSection(SolutionConfigurationPlatforms) = preSolution
		Debug|Any CPU = Debug|Any CPU
		Release|Any CPU = Release|Any CPU
	EndGlobalSection
	GlobalSection(ProjectConfigurationPlatforms) = postSolution
		{EA6F3BCD-E9B5-ED40-0F18-5B333D1FA980}.Debug|Any CPU.ActiveCfg = Debug|Any CPU
		{EA6F3BCD-E9B5-ED40-0F18-5B333D1FA980}.Debug|Any CPU.Build.0 = Debug|Any CPU
		{EA6F3BCD-E9B5-ED40-0F18-5B333D1FA980}.Release|Any CPU.ActiveCfg = Release|Any CPU
		{EA6F3BCD-E9B5-ED40-0F18-5B333D1FA980}.Release|Any CPU.Build.0 = Release|Any CPU
	EndGlobalSection
	GlobalSection(SolutionProperties) = preSolution
		HideSolutionNode = FALSE
	EndGlobalSection
	GlobalSection(ExtensibilityGlobals) = postSolution
		SolutionGuid = {154EF1CD-6E3E-4F03-98E5-4901646A4897}
	EndGlobalSection
EndGlobal
