Microsoft Visual Studio Solution File, Format Version 12.00
# Visual Studio Version 17
VisualStudioVersion = 17.5.2.0
MinimumVisualStudioVersion = 10.0.40219.1
Project("{FAE04EC0-301F-11D3-BF4B-00C04F79EFBC}") = "api", "api.csproj", "{ED562DFE-B9EF-5F88-771F-EBF333E4D08F}"
EndProject
Global
	GlobalSection(SolutionConfigurationPlatforms) = preSolution
		Debug|Any CPU = Debug|Any CPU
		Release|Any CPU = Release|Any CPU
	EndGlobalSection
	GlobalSection(ProjectConfigurationPlatforms) = postSolution
		{ED562DFE-B9EF-5F88-771F-EBF333E4D08F}.Debug|Any CPU.ActiveCfg = Debug|Any CPU
		{ED562DFE-B9EF-5F88-771F-EBF333E4D08F}.Debug|Any CPU.Build.0 = Debug|Any CPU
		{ED562DFE-B9EF-5F88-771F-EBF333E4D08F}.Release|Any CPU.ActiveCfg = Release|Any CPU
		{ED562DFE-B9EF-5F88-771F-EBF333E4D08F}.Release|Any CPU.Build.0 = Release|Any CPU
	EndGlobalSection
	GlobalSection(SolutionProperties) = preSolution
		HideSolutionNode = FALSE
	EndGlobalSection
	GlobalSection(ExtensibilityGlobals) = postSolution
		SolutionGuid = {AF603F45-27D1-45E0-973B-8308841ACFC0}
	EndGlobalSection
EndGlobal
