
Microsoft Visual Studio Solution File, Format Version 12.00
# Visual Studio Version 17
VisualStudioVersion = 17.7.34018.315
MinimumVisualStudioVersion = 10.0.40219.1
Project("{9A19103F-16F7-4668-BE54-9A1E7A4F7556}") = "CSharpFundamentals", "CSharpFundamentals.ConsoleApp\CSharpFundamentals.csproj", "{D55B52B4-2045-4328-B53E-83C3F34B9AA9}"
EndProject
Global
	GlobalSection(SolutionConfigurationPlatforms) = preSolution
		Debug|Any CPU = Debug|Any CPU
		Release|Any CPU = Release|Any CPU
	EndGlobalSection
	GlobalSection(ProjectConfigurationPlatforms) = postSolution
		{D55B52B4-2045-4328-B53E-83C3F34B9AA9}.Debug|Any CPU.ActiveCfg = Debug|Any CPU
		{D55B52B4-2045-4328-B53E-83C3F34B9AA9}.Debug|Any CPU.Build.0 = Debug|Any CPU
		{D55B52B4-2045-4328-B53E-83C3F34B9AA9}.Release|Any CPU.ActiveCfg = Release|Any CPU
		{D55B52B4-2045-4328-B53E-83C3F34B9AA9}.Release|Any CPU.Build.0 = Release|Any CPU
	EndGlobalSection
	GlobalSection(SolutionProperties) = preSolution
		HideSolutionNode = FALSE
	EndGlobalSection
	GlobalSection(ExtensibilityGlobals) = postSolution
		SolutionGuid = {149AB974-941B-4B9F-B8E6-A35E27DBF522}
	EndGlobalSection
EndGlobal
