
Microsoft Visual Studio Solution File, Format Version 12.00
# Visual Studio Version 17
VisualStudioVersion = 17.14.36109.1 d17.14
MinimumVisualStudioVersion = 10.0.40219.1
Project("{FAE04EC0-301F-11D3-BF4B-00C04F79EFBC}") = "LibraryManager", "LibraryManager\LibraryManager.csproj", "{3CB96F4E-B014-4772-A416-907AA38679C1}"
EndProject
Global
	GlobalSection(SolutionConfigurationPlatforms) = preSolution
		Debug|Any CPU = Debug|Any CPU
		Release|Any CPU = Release|Any CPU
	EndGlobalSection
	GlobalSection(ProjectConfigurationPlatforms) = postSolution
		{3CB96F4E-B014-4772-A416-907AA38679C1}.Debug|Any CPU.ActiveCfg = Debug|Any CPU
		{3CB96F4E-B014-4772-A416-907AA38679C1}.Debug|Any CPU.Build.0 = Debug|Any CPU
		{3CB96F4E-B014-4772-A416-907AA38679C1}.Release|Any CPU.ActiveCfg = Release|Any CPU
		{3CB96F4E-B014-4772-A416-907AA38679C1}.Release|Any CPU.Build.0 = Release|Any CPU
	EndGlobalSection
	GlobalSection(SolutionProperties) = preSolution
		HideSolutionNode = FALSE
	EndGlobalSection
	GlobalSection(ExtensibilityGlobals) = postSolution
		SolutionGuid = {7AE4477E-E40B-48EF-A15D-6E1871E257F9}
	EndGlobalSection
EndGlobal
