
Microsoft Visual Studio Solution File, Format Version 12.00
# Visual Studio Version 17
VisualStudioVersion = 17.11.35312.102
MinimumVisualStudioVersion = 10.0.40219.1
Project("{FAE04EC0-301F-11D3-BF4B-00C04F79EFBC}") = "Variable Scopes", "Variable Scopes\Variable Scopes.csproj", "{7D600566-2F8C-49F4-975F-0DFCCF086CBF}"
EndProject
Global
	GlobalSection(SolutionConfigurationPlatforms) = preSolution
		Debug|Any CPU = Debug|Any CPU
		Release|Any CPU = Release|Any CPU
	EndGlobalSection
	GlobalSection(ProjectConfigurationPlatforms) = postSolution
		{7D600566-2F8C-49F4-975F-0DFCCF086CBF}.Debug|Any CPU.ActiveCfg = Debug|Any CPU
		{7D600566-2F8C-49F4-975F-0DFCCF086CBF}.Debug|Any CPU.Build.0 = Debug|Any CPU
		{7D600566-2F8C-49F4-975F-0DFCCF086CBF}.Release|Any CPU.ActiveCfg = Release|Any CPU
		{7D600566-2F8C-49F4-975F-0DFCCF086CBF}.Release|Any CPU.Build.0 = Release|Any CPU
	EndGlobalSection
	GlobalSection(SolutionProperties) = preSolution
		HideSolutionNode = FALSE
	EndGlobalSection
	GlobalSection(ExtensibilityGlobals) = postSolution
		SolutionGuid = {261EF56F-220B-4E97-AEBA-64113332C9DC}
	EndGlobalSection
EndGlobal
