
Microsoft Visual Studio Solution File, Format Version 12.00
# Visual Studio Version 17
VisualStudioVersion = 17.9.34902.65
MinimumVisualStudioVersion = 10.0.40219.1
Project("{FAE04EC0-301F-11D3-BF4B-00C04F79EFBC}") = "05 _ Multithreading Basics", "05 _ Multithreading Basics\05 _ Multithreading Basics.csproj", "{8BDC2C34-81B8-4D5F-BA19-112FFAAD8C30}"
EndProject
Global
	GlobalSection(SolutionConfigurationPlatforms) = preSolution
		Debug|Any CPU = Debug|Any CPU
		Release|Any CPU = Release|Any CPU
	EndGlobalSection
	GlobalSection(ProjectConfigurationPlatforms) = postSolution
		{8BDC2C34-81B8-4D5F-BA19-112FFAAD8C30}.Debug|Any CPU.ActiveCfg = Debug|Any CPU
		{8BDC2C34-81B8-4D5F-BA19-112FFAAD8C30}.Debug|Any CPU.Build.0 = Debug|Any CPU
		{8BDC2C34-81B8-4D5F-BA19-112FFAAD8C30}.Release|Any CPU.ActiveCfg = Release|Any CPU
		{8BDC2C34-81B8-4D5F-BA19-112FFAAD8C30}.Release|Any CPU.Build.0 = Release|Any CPU
	EndGlobalSection
	GlobalSection(SolutionProperties) = preSolution
		HideSolutionNode = FALSE
	EndGlobalSection
	GlobalSection(ExtensibilityGlobals) = postSolution
		SolutionGuid = {236A807B-02CE-4DE8-B52D-E58D3EFDFD2D}
	EndGlobalSection
EndGlobal
