Microsoft Visual Studio Solution File, Format Version 12.00
# Visual Studio Version 17
VisualStudioVersion = 17.5.2.0
MinimumVisualStudioVersion = 10.0.40219.1
Project("{FAE04EC0-301F-11D3-BF4B-00C04F79EFBC}") = "MyWebApp", "MyWebApp.csproj", "{CE160F80-C804-4DCB-3E6B-5D99DC7C094B}"
EndProject
Global
	GlobalSection(SolutionConfigurationPlatforms) = preSolution
		Debug|Any CPU = Debug|Any CPU
		Release|Any CPU = Release|Any CPU
	EndGlobalSection
	GlobalSection(ProjectConfigurationPlatforms) = postSolution
		{CE160F80-C804-4DCB-3E6B-5D99DC7C094B}.Debug|Any CPU.ActiveCfg = Debug|Any CPU
		{CE160F80-C804-4DCB-3E6B-5D99DC7C094B}.Debug|Any CPU.Build.0 = Debug|Any CPU
		{CE160F80-C804-4DCB-3E6B-5D99DC7C094B}.Release|Any CPU.ActiveCfg = Release|Any CPU
		{CE160F80-C804-4DCB-3E6B-5D99DC7C094B}.Release|Any CPU.Build.0 = Release|Any CPU
	EndGlobalSection
	GlobalSection(SolutionProperties) = preSolution
		HideSolutionNode = FALSE
	EndGlobalSection
	GlobalSection(ExtensibilityGlobals) = postSolution
		SolutionGuid = {ABB41EAC-B712-47C2-A6B6-080A22187D6E}
	EndGlobalSection
EndGlobal
