Microsoft Visual Studio Solution File, Format Version 12.00
# Visual Studio Version 17
VisualStudioVersion = 17.5.2.0
MinimumVisualStudioVersion = 10.0.40219.1
Project("{FAE04EC0-301F-11D3-BF4B-00C04F79EFBC}") = "firstCRUDAPIAPp", "firstCRUDAPIAPp.csproj", "{4649B446-C620-D416-4E44-86760D0D7B06}"
EndProject
Global
	GlobalSection(SolutionConfigurationPlatforms) = preSolution
		Debug|Any CPU = Debug|Any CPU
		Release|Any CPU = Release|Any CPU
	EndGlobalSection
	GlobalSection(ProjectConfigurationPlatforms) = postSolution
		{4649B446-C620-D416-4E44-86760D0D7B06}.Debug|Any CPU.ActiveCfg = Debug|Any CPU
		{4649B446-C620-D416-4E44-86760D0D7B06}.Debug|Any CPU.Build.0 = Debug|Any CPU
		{4649B446-C620-D416-4E44-86760D0D7B06}.Release|Any CPU.ActiveCfg = Release|Any CPU
		{4649B446-C620-D416-4E44-86760D0D7B06}.Release|Any CPU.Build.0 = Release|Any CPU
	EndGlobalSection
	GlobalSection(SolutionProperties) = preSolution
		HideSolutionNode = FALSE
	EndGlobalSection
	GlobalSection(ExtensibilityGlobals) = postSolution
		SolutionGuid = {1ADC3BF4-A6FB-4DCD-BC89-93C4A84C3B7B}
	EndGlobalSection
EndGlobal
