
Microsoft Visual Studio Solution File, Format Version 12.00
# Visual Studio Version 17
VisualStudioVersion = 17.0.31903.59
MinimumVisualStudioVersion = 10.0.40219.1
Project("{FAE04EC0-301F-11D3-BF4B-00C04F79EFBC}") = "MyNewApp", "MyNewApp\MyNewApp.csproj", "{6E3B3802-8054-4F04-A769-11D144414078}"
EndProject
Project("{FAE04EC0-301F-11D3-BF4B-00C04F79EFBC}") = "GameStore.Api", "GameStore.Api\GameStore.Api.csproj", "{8228525B-B288-4124-BEAE-46727D6EFC51}"
EndProject
Project("{FAE04EC0-301F-11D3-BF4B-00C04F79EFBC}") = "middleware", "middleware\middleware.csproj", "{65447365-828F-45ED-ADB1-D2A90B1C9B8B}"
EndProject
Project("{FAE04EC0-301F-11D3-BF4B-00C04F79EFBC}") = "Basic Dependency Injection", "Basic Dependency Injection\Basic Dependency Injection.csproj", "{B41D004A-F68F-4019-B063-82C7C16356C7}"
EndProject
Project("{FAE04EC0-301F-11D3-BF4B-00C04F79EFBC}") = "MyWebApp", "MyWebApp\MyWebApp.csproj", "{F2EAD220-6866-40C5-95F4-C1ED5A520E54}"
EndProject
Project("{FAE04EC0-301F-11D3-BF4B-00C04F79EFBC}") = "Minimal APIs overview", "Minimal APIs overview\Minimal APIs overview.csproj", "{C337851A-BB22-4C8F-B68C-94634C24B503}"
EndProject
Project("{FAE04EC0-301F-11D3-BF4B-00C04F79EFBC}") = "UserNotifier", "UserNotifier\UserNotifier.csproj", "{A6559510-161E-46DC-9470-151BEE7B0715}"
EndProject
Project("{FAE04EC0-301F-11D3-BF4B-00C04F79EFBC}") = "Middlewares", "Middlewares\Middlewares.csproj", "{7C4BF609-0ABC-4C2A-98EB-726D08129579}"
EndProject
Project("{FAE04EC0-301F-11D3-BF4B-00C04F79EFBC}") = "Action Filters", "Action Filters\Action Filters.csproj", "{694ED6FA-02AE-4B73-9D4C-5ECFD5BB0BBB}"
EndProject
Project("{FAE04EC0-301F-11D3-BF4B-00C04F79EFBC}") = "Todo App", "Todo App\Todo App.csproj", "{FDFBFD59-801D-451F-8B98-87DE15DF509C}"
EndProject
Project("{FAE04EC0-301F-11D3-BF4B-00C04F79EFBC}") = "Deserialization", "Deserialization\Deserialization.csproj", "{69B3A8B4-8D86-41AF-9F56-442292484A3D}"
EndProject
Project("{FAE04EC0-301F-11D3-BF4B-00C04F79EFBC}") = "Configurations", "Configurations\Configurations.csproj", "{6301F96B-7159-4B1A-86DE-65932BF446F2}"
EndProject
Project("{FAE04EC0-301F-11D3-BF4B-00C04F79EFBC}") = "Integrating Swagger", "Integrating Swagger\Integrating Swagger.csproj", "{B3E445AA-5B15-4D5A-BECB-D6AC4923BD90}"
EndProject
Global
	GlobalSection(SolutionConfigurationPlatforms) = preSolution
		Debug|Any CPU = Debug|Any CPU
		Debug|x64 = Debug|x64
		Debug|x86 = Debug|x86
		Release|Any CPU = Release|Any CPU
		Release|x64 = Release|x64
		Release|x86 = Release|x86
	EndGlobalSection
	GlobalSection(ProjectConfigurationPlatforms) = postSolution
		{6E3B3802-8054-4F04-A769-11D144414078}.Debug|Any CPU.ActiveCfg = Debug|Any CPU
		{6E3B3802-8054-4F04-A769-11D144414078}.Debug|Any CPU.Build.0 = Debug|Any CPU
		{6E3B3802-8054-4F04-A769-11D144414078}.Debug|x64.ActiveCfg = Debug|Any CPU
		{6E3B3802-8054-4F04-A769-11D144414078}.Debug|x64.Build.0 = Debug|Any CPU
		{6E3B3802-8054-4F04-A769-11D144414078}.Debug|x86.ActiveCfg = Debug|Any CPU
		{6E3B3802-8054-4F04-A769-11D144414078}.Debug|x86.Build.0 = Debug|Any CPU
		{6E3B3802-8054-4F04-A769-11D144414078}.Release|Any CPU.ActiveCfg = Release|Any CPU
		{6E3B3802-8054-4F04-A769-11D144414078}.Release|Any CPU.Build.0 = Release|Any CPU
		{6E3B3802-8054-4F04-A769-11D144414078}.Release|x64.ActiveCfg = Release|Any CPU
		{6E3B3802-8054-4F04-A769-11D144414078}.Release|x64.Build.0 = Release|Any CPU
		{6E3B3802-8054-4F04-A769-11D144414078}.Release|x86.ActiveCfg = Release|Any CPU
		{6E3B3802-8054-4F04-A769-11D144414078}.Release|x86.Build.0 = Release|Any CPU
		{8228525B-B288-4124-BEAE-46727D6EFC51}.Debug|Any CPU.ActiveCfg = Debug|Any CPU
		{8228525B-B288-4124-BEAE-46727D6EFC51}.Debug|Any CPU.Build.0 = Debug|Any CPU
		{8228525B-B288-4124-BEAE-46727D6EFC51}.Debug|x64.ActiveCfg = Debug|Any CPU
		{8228525B-B288-4124-BEAE-46727D6EFC51}.Debug|x64.Build.0 = Debug|Any CPU
		{8228525B-B288-4124-BEAE-46727D6EFC51}.Debug|x86.ActiveCfg = Debug|Any CPU
		{8228525B-B288-4124-BEAE-46727D6EFC51}.Debug|x86.Build.0 = Debug|Any CPU
		{8228525B-B288-4124-BEAE-46727D6EFC51}.Release|Any CPU.ActiveCfg = Release|Any CPU
		{8228525B-B288-4124-BEAE-46727D6EFC51}.Release|Any CPU.Build.0 = Release|Any CPU
		{8228525B-B288-4124-BEAE-46727D6EFC51}.Release|x64.ActiveCfg = Release|Any CPU
		{8228525B-B288-4124-BEAE-46727D6EFC51}.Release|x64.Build.0 = Release|Any CPU
		{8228525B-B288-4124-BEAE-46727D6EFC51}.Release|x86.ActiveCfg = Release|Any CPU
		{8228525B-B288-4124-BEAE-46727D6EFC51}.Release|x86.Build.0 = Release|Any CPU
		{65447365-828F-45ED-ADB1-D2A90B1C9B8B}.Debug|Any CPU.ActiveCfg = Debug|Any CPU
		{65447365-828F-45ED-ADB1-D2A90B1C9B8B}.Debug|Any CPU.Build.0 = Debug|Any CPU
		{65447365-828F-45ED-ADB1-D2A90B1C9B8B}.Debug|x64.ActiveCfg = Debug|Any CPU
		{65447365-828F-45ED-ADB1-D2A90B1C9B8B}.Debug|x64.Build.0 = Debug|Any CPU
		{65447365-828F-45ED-ADB1-D2A90B1C9B8B}.Debug|x86.ActiveCfg = Debug|Any CPU
		{65447365-828F-45ED-ADB1-D2A90B1C9B8B}.Debug|x86.Build.0 = Debug|Any CPU
		{65447365-828F-45ED-ADB1-D2A90B1C9B8B}.Release|Any CPU.ActiveCfg = Release|Any CPU
		{65447365-828F-45ED-ADB1-D2A90B1C9B8B}.Release|Any CPU.Build.0 = Release|Any CPU
		{65447365-828F-45ED-ADB1-D2A90B1C9B8B}.Release|x64.ActiveCfg = Release|Any CPU
		{65447365-828F-45ED-ADB1-D2A90B1C9B8B}.Release|x64.Build.0 = Release|Any CPU
		{65447365-828F-45ED-ADB1-D2A90B1C9B8B}.Release|x86.ActiveCfg = Release|Any CPU
		{65447365-828F-45ED-ADB1-D2A90B1C9B8B}.Release|x86.Build.0 = Release|Any CPU
		{B41D004A-F68F-4019-B063-82C7C16356C7}.Debug|Any CPU.ActiveCfg = Debug|Any CPU
		{B41D004A-F68F-4019-B063-82C7C16356C7}.Debug|Any CPU.Build.0 = Debug|Any CPU
		{B41D004A-F68F-4019-B063-82C7C16356C7}.Debug|x64.ActiveCfg = Debug|Any CPU
		{B41D004A-F68F-4019-B063-82C7C16356C7}.Debug|x64.Build.0 = Debug|Any CPU
		{B41D004A-F68F-4019-B063-82C7C16356C7}.Debug|x86.ActiveCfg = Debug|Any CPU
		{B41D004A-F68F-4019-B063-82C7C16356C7}.Debug|x86.Build.0 = Debug|Any CPU
		{B41D004A-F68F-4019-B063-82C7C16356C7}.Release|Any CPU.ActiveCfg = Release|Any CPU
		{B41D004A-F68F-4019-B063-82C7C16356C7}.Release|Any CPU.Build.0 = Release|Any CPU
		{B41D004A-F68F-4019-B063-82C7C16356C7}.Release|x64.ActiveCfg = Release|Any CPU
		{B41D004A-F68F-4019-B063-82C7C16356C7}.Release|x64.Build.0 = Release|Any CPU
		{B41D004A-F68F-4019-B063-82C7C16356C7}.Release|x86.ActiveCfg = Release|Any CPU
		{B41D004A-F68F-4019-B063-82C7C16356C7}.Release|x86.Build.0 = Release|Any CPU
		{F2EAD220-6866-40C5-95F4-C1ED5A520E54}.Debug|Any CPU.ActiveCfg = Debug|Any CPU
		{F2EAD220-6866-40C5-95F4-C1ED5A520E54}.Debug|Any CPU.Build.0 = Debug|Any CPU
		{F2EAD220-6866-40C5-95F4-C1ED5A520E54}.Debug|x64.ActiveCfg = Debug|Any CPU
		{F2EAD220-6866-40C5-95F4-C1ED5A520E54}.Debug|x64.Build.0 = Debug|Any CPU
		{F2EAD220-6866-40C5-95F4-C1ED5A520E54}.Debug|x86.ActiveCfg = Debug|Any CPU
		{F2EAD220-6866-40C5-95F4-C1ED5A520E54}.Debug|x86.Build.0 = Debug|Any CPU
		{F2EAD220-6866-40C5-95F4-C1ED5A520E54}.Release|Any CPU.ActiveCfg = Release|Any CPU
		{F2EAD220-6866-40C5-95F4-C1ED5A520E54}.Release|Any CPU.Build.0 = Release|Any CPU
		{F2EAD220-6866-40C5-95F4-C1ED5A520E54}.Release|x64.ActiveCfg = Release|Any CPU
		{F2EAD220-6866-40C5-95F4-C1ED5A520E54}.Release|x64.Build.0 = Release|Any CPU
		{F2EAD220-6866-40C5-95F4-C1ED5A520E54}.Release|x86.ActiveCfg = Release|Any CPU
		{F2EAD220-6866-40C5-95F4-C1ED5A520E54}.Release|x86.Build.0 = Release|Any CPU
		{C337851A-BB22-4C8F-B68C-94634C24B503}.Debug|Any CPU.ActiveCfg = Debug|Any CPU
		{C337851A-BB22-4C8F-B68C-94634C24B503}.Debug|Any CPU.Build.0 = Debug|Any CPU
		{C337851A-BB22-4C8F-B68C-94634C24B503}.Debug|x64.ActiveCfg = Debug|Any CPU
		{C337851A-BB22-4C8F-B68C-94634C24B503}.Debug|x64.Build.0 = Debug|Any CPU
		{C337851A-BB22-4C8F-B68C-94634C24B503}.Debug|x86.ActiveCfg = Debug|Any CPU
		{C337851A-BB22-4C8F-B68C-94634C24B503}.Debug|x86.Build.0 = Debug|Any CPU
		{C337851A-BB22-4C8F-B68C-94634C24B503}.Release|Any CPU.ActiveCfg = Release|Any CPU
		{C337851A-BB22-4C8F-B68C-94634C24B503}.Release|Any CPU.Build.0 = Release|Any CPU
		{C337851A-BB22-4C8F-B68C-94634C24B503}.Release|x64.ActiveCfg = Release|Any CPU
		{C337851A-BB22-4C8F-B68C-94634C24B503}.Release|x64.Build.0 = Release|Any CPU
		{C337851A-BB22-4C8F-B68C-94634C24B503}.Release|x86.ActiveCfg = Release|Any CPU
		{C337851A-BB22-4C8F-B68C-94634C24B503}.Release|x86.Build.0 = Release|Any CPU
		{A6559510-161E-46DC-9470-151BEE7B0715}.Debug|Any CPU.ActiveCfg = Debug|Any CPU
		{A6559510-161E-46DC-9470-151BEE7B0715}.Debug|Any CPU.Build.0 = Debug|Any CPU
		{A6559510-161E-46DC-9470-151BEE7B0715}.Debug|x64.ActiveCfg = Debug|Any CPU
		{A6559510-161E-46DC-9470-151BEE7B0715}.Debug|x64.Build.0 = Debug|Any CPU
		{A6559510-161E-46DC-9470-151BEE7B0715}.Debug|x86.ActiveCfg = Debug|Any CPU
		{A6559510-161E-46DC-9470-151BEE7B0715}.Debug|x86.Build.0 = Debug|Any CPU
		{A6559510-161E-46DC-9470-151BEE7B0715}.Release|Any CPU.ActiveCfg = Release|Any CPU
		{A6559510-161E-46DC-9470-151BEE7B0715}.Release|Any CPU.Build.0 = Release|Any CPU
		{A6559510-161E-46DC-9470-151BEE7B0715}.Release|x64.ActiveCfg = Release|Any CPU
		{A6559510-161E-46DC-9470-151BEE7B0715}.Release|x64.Build.0 = Release|Any CPU
		{A6559510-161E-46DC-9470-151BEE7B0715}.Release|x86.ActiveCfg = Release|Any CPU
		{A6559510-161E-46DC-9470-151BEE7B0715}.Release|x86.Build.0 = Release|Any CPU
		{7C4BF609-0ABC-4C2A-98EB-726D08129579}.Debug|Any CPU.ActiveCfg = Debug|Any CPU
		{7C4BF609-0ABC-4C2A-98EB-726D08129579}.Debug|Any CPU.Build.0 = Debug|Any CPU
		{7C4BF609-0ABC-4C2A-98EB-726D08129579}.Debug|x64.ActiveCfg = Debug|Any CPU
		{7C4BF609-0ABC-4C2A-98EB-726D08129579}.Debug|x64.Build.0 = Debug|Any CPU
		{7C4BF609-0ABC-4C2A-98EB-726D08129579}.Debug|x86.ActiveCfg = Debug|Any CPU
		{7C4BF609-0ABC-4C2A-98EB-726D08129579}.Debug|x86.Build.0 = Debug|Any CPU
		{7C4BF609-0ABC-4C2A-98EB-726D08129579}.Release|Any CPU.ActiveCfg = Release|Any CPU
		{7C4BF609-0ABC-4C2A-98EB-726D08129579}.Release|Any CPU.Build.0 = Release|Any CPU
		{7C4BF609-0ABC-4C2A-98EB-726D08129579}.Release|x64.ActiveCfg = Release|Any CPU
		{7C4BF609-0ABC-4C2A-98EB-726D08129579}.Release|x64.Build.0 = Release|Any CPU
		{7C4BF609-0ABC-4C2A-98EB-726D08129579}.Release|x86.ActiveCfg = Release|Any CPU
		{7C4BF609-0ABC-4C2A-98EB-726D08129579}.Release|x86.Build.0 = Release|Any CPU
		{694ED6FA-02AE-4B73-9D4C-5ECFD5BB0BBB}.Debug|Any CPU.ActiveCfg = Debug|Any CPU
		{694ED6FA-02AE-4B73-9D4C-5ECFD5BB0BBB}.Debug|Any CPU.Build.0 = Debug|Any CPU
		{694ED6FA-02AE-4B73-9D4C-5ECFD5BB0BBB}.Debug|x64.ActiveCfg = Debug|Any CPU
		{694ED6FA-02AE-4B73-9D4C-5ECFD5BB0BBB}.Debug|x64.Build.0 = Debug|Any CPU
		{694ED6FA-02AE-4B73-9D4C-5ECFD5BB0BBB}.Debug|x86.ActiveCfg = Debug|Any CPU
		{694ED6FA-02AE-4B73-9D4C-5ECFD5BB0BBB}.Debug|x86.Build.0 = Debug|Any CPU
		{694ED6FA-02AE-4B73-9D4C-5ECFD5BB0BBB}.Release|Any CPU.ActiveCfg = Release|Any CPU
		{694ED6FA-02AE-4B73-9D4C-5ECFD5BB0BBB}.Release|Any CPU.Build.0 = Release|Any CPU
		{694ED6FA-02AE-4B73-9D4C-5ECFD5BB0BBB}.Release|x64.ActiveCfg = Release|Any CPU
		{694ED6FA-02AE-4B73-9D4C-5ECFD5BB0BBB}.Release|x64.Build.0 = Release|Any CPU
		{694ED6FA-02AE-4B73-9D4C-5ECFD5BB0BBB}.Release|x86.ActiveCfg = Release|Any CPU
		{694ED6FA-02AE-4B73-9D4C-5ECFD5BB0BBB}.Release|x86.Build.0 = Release|Any CPU
		{FDFBFD59-801D-451F-8B98-87DE15DF509C}.Debug|Any CPU.ActiveCfg = Debug|Any CPU
		{FDFBFD59-801D-451F-8B98-87DE15DF509C}.Debug|Any CPU.Build.0 = Debug|Any CPU
		{FDFBFD59-801D-451F-8B98-87DE15DF509C}.Debug|x64.ActiveCfg = Debug|Any CPU
		{FDFBFD59-801D-451F-8B98-87DE15DF509C}.Debug|x64.Build.0 = Debug|Any CPU
		{FDFBFD59-801D-451F-8B98-87DE15DF509C}.Debug|x86.ActiveCfg = Debug|Any CPU
		{FDFBFD59-801D-451F-8B98-87DE15DF509C}.Debug|x86.Build.0 = Debug|Any CPU
		{FDFBFD59-801D-451F-8B98-87DE15DF509C}.Release|Any CPU.ActiveCfg = Release|Any CPU
		{FDFBFD59-801D-451F-8B98-87DE15DF509C}.Release|Any CPU.Build.0 = Release|Any CPU
		{FDFBFD59-801D-451F-8B98-87DE15DF509C}.Release|x64.ActiveCfg = Release|Any CPU
		{FDFBFD59-801D-451F-8B98-87DE15DF509C}.Release|x64.Build.0 = Release|Any CPU
		{FDFBFD59-801D-451F-8B98-87DE15DF509C}.Release|x86.ActiveCfg = Release|Any CPU
		{FDFBFD59-801D-451F-8B98-87DE15DF509C}.Release|x86.Build.0 = Release|Any CPU
		{69B3A8B4-8D86-41AF-9F56-442292484A3D}.Debug|Any CPU.ActiveCfg = Debug|Any CPU
		{69B3A8B4-8D86-41AF-9F56-442292484A3D}.Debug|Any CPU.Build.0 = Debug|Any CPU
		{69B3A8B4-8D86-41AF-9F56-442292484A3D}.Debug|x64.ActiveCfg = Debug|Any CPU
		{69B3A8B4-8D86-41AF-9F56-442292484A3D}.Debug|x64.Build.0 = Debug|Any CPU
		{69B3A8B4-8D86-41AF-9F56-442292484A3D}.Debug|x86.ActiveCfg = Debug|Any CPU
		{69B3A8B4-8D86-41AF-9F56-442292484A3D}.Debug|x86.Build.0 = Debug|Any CPU
		{69B3A8B4-8D86-41AF-9F56-442292484A3D}.Release|Any CPU.ActiveCfg = Release|Any CPU
		{69B3A8B4-8D86-41AF-9F56-442292484A3D}.Release|Any CPU.Build.0 = Release|Any CPU
		{69B3A8B4-8D86-41AF-9F56-442292484A3D}.Release|x64.ActiveCfg = Release|Any CPU
		{69B3A8B4-8D86-41AF-9F56-442292484A3D}.Release|x64.Build.0 = Release|Any CPU
		{69B3A8B4-8D86-41AF-9F56-442292484A3D}.Release|x86.ActiveCfg = Release|Any CPU
		{69B3A8B4-8D86-41AF-9F56-442292484A3D}.Release|x86.Build.0 = Release|Any CPU
		{6301F96B-7159-4B1A-86DE-65932BF446F2}.Debug|Any CPU.ActiveCfg = Debug|Any CPU
		{6301F96B-7159-4B1A-86DE-65932BF446F2}.Debug|Any CPU.Build.0 = Debug|Any CPU
		{6301F96B-7159-4B1A-86DE-65932BF446F2}.Debug|x64.ActiveCfg = Debug|Any CPU
		{6301F96B-7159-4B1A-86DE-65932BF446F2}.Debug|x64.Build.0 = Debug|Any CPU
		{6301F96B-7159-4B1A-86DE-65932BF446F2}.Debug|x86.ActiveCfg = Debug|Any CPU
		{6301F96B-7159-4B1A-86DE-65932BF446F2}.Debug|x86.Build.0 = Debug|Any CPU
		{6301F96B-7159-4B1A-86DE-65932BF446F2}.Release|Any CPU.ActiveCfg = Release|Any CPU
		{6301F96B-7159-4B1A-86DE-65932BF446F2}.Release|Any CPU.Build.0 = Release|Any CPU
		{6301F96B-7159-4B1A-86DE-65932BF446F2}.Release|x64.ActiveCfg = Release|Any CPU
		{6301F96B-7159-4B1A-86DE-65932BF446F2}.Release|x64.Build.0 = Release|Any CPU
		{6301F96B-7159-4B1A-86DE-65932BF446F2}.Release|x86.ActiveCfg = Release|Any CPU
		{6301F96B-7159-4B1A-86DE-65932BF446F2}.Release|x86.Build.0 = Release|Any CPU
		{B3E445AA-5B15-4D5A-BECB-D6AC4923BD90}.Debug|Any CPU.ActiveCfg = Debug|Any CPU
		{B3E445AA-5B15-4D5A-BECB-D6AC4923BD90}.Debug|Any CPU.Build.0 = Debug|Any CPU
		{B3E445AA-5B15-4D5A-BECB-D6AC4923BD90}.Debug|x64.ActiveCfg = Debug|Any CPU
		{B3E445AA-5B15-4D5A-BECB-D6AC4923BD90}.Debug|x64.Build.0 = Debug|Any CPU
		{B3E445AA-5B15-4D5A-BECB-D6AC4923BD90}.Debug|x86.ActiveCfg = Debug|Any CPU
		{B3E445AA-5B15-4D5A-BECB-D6AC4923BD90}.Debug|x86.Build.0 = Debug|Any CPU
		{B3E445AA-5B15-4D5A-BECB-D6AC4923BD90}.Release|Any CPU.ActiveCfg = Release|Any CPU
		{B3E445AA-5B15-4D5A-BECB-D6AC4923BD90}.Release|Any CPU.Build.0 = Release|Any CPU
		{B3E445AA-5B15-4D5A-BECB-D6AC4923BD90}.Release|x64.ActiveCfg = Release|Any CPU
		{B3E445AA-5B15-4D5A-BECB-D6AC4923BD90}.Release|x64.Build.0 = Release|Any CPU
		{B3E445AA-5B15-4D5A-BECB-D6AC4923BD90}.Release|x86.ActiveCfg = Release|Any CPU
		{B3E445AA-5B15-4D5A-BECB-D6AC4923BD90}.Release|x86.Build.0 = Release|Any CPU
	EndGlobalSection
	GlobalSection(SolutionProperties) = preSolution
		HideSolutionNode = FALSE
	EndGlobalSection
EndGlobal
