
Microsoft Visual Studio Solution File, Format Version 12.00
# Visual Studio Version 17
VisualStudioVersion = 17.5.2.0
MinimumVisualStudioVersion = 10.0.40219.1
Project("{FAE04EC0-301F-11D3-BF4B-00C04F79EFBC}") = "Configurations", "Configurations.csproj", "{DCF0FD5B-04E9-0713-DAF5-41FD0C09894C}"
EndProject
Project("{FAE04EC0-301F-11D3-BF4B-00C04F79EFBC}") = "Integrating Swagger", "Integrating Swagger\Integrating Swagger.csproj", "{DE088E9C-7CA1-47BE-B7EB-5A0FCA78DF9F}"
EndProject
Global
	GlobalSection(SolutionConfigurationPlatforms) = preSolution
		Debug|Any CPU = Debug|Any CPU
		Debug|x64 = Debug|x64
		Debug|x86 = Debug|x86
		Release|Any CPU = Release|Any CPU
		Release|x64 = Release|x64
		Release|x86 = Release|x86
	EndGlobalSection
	GlobalSection(ProjectConfigurationPlatforms) = postSolution
		{DCF0FD5B-04E9-0713-DAF5-41FD0C09894C}.Debug|Any CPU.ActiveCfg = Debug|Any CPU
		{DCF0FD5B-04E9-0713-DAF5-41FD0C09894C}.Debug|Any CPU.Build.0 = Debug|Any CPU
		{DCF0FD5B-04E9-0713-DAF5-41FD0C09894C}.Debug|x64.ActiveCfg = Debug|Any CPU
		{DCF0FD5B-04E9-0713-DAF5-41FD0C09894C}.Debug|x64.Build.0 = Debug|Any CPU
		{DCF0FD5B-04E9-0713-DAF5-41FD0C09894C}.Debug|x86.ActiveCfg = Debug|Any CPU
		{DCF0FD5B-04E9-0713-DAF5-41FD0C09894C}.Debug|x86.Build.0 = Debug|Any CPU
		{DCF0FD5B-04E9-0713-DAF5-41FD0C09894C}.Release|Any CPU.ActiveCfg = Release|Any CPU
		{DCF0FD5B-04E9-0713-DAF5-41FD0C09894C}.Release|Any CPU.Build.0 = Release|Any CPU
		{DCF0FD5B-04E9-0713-DAF5-41FD0C09894C}.Release|x64.ActiveCfg = Release|Any CPU
		{DCF0FD5B-04E9-0713-DAF5-41FD0C09894C}.Release|x64.Build.0 = Release|Any CPU
		{DCF0FD5B-04E9-0713-DAF5-41FD0C09894C}.Release|x86.ActiveCfg = Release|Any CPU
		{DCF0FD5B-04E9-0713-DAF5-41FD0C09894C}.Release|x86.Build.0 = Release|Any CPU
		{DE088E9C-7CA1-47BE-B7EB-5A0FCA78DF9F}.Debug|Any CPU.ActiveCfg = Debug|Any CPU
		{DE088E9C-7CA1-47BE-B7EB-5A0FCA78DF9F}.Debug|Any CPU.Build.0 = Debug|Any CPU
		{DE088E9C-7CA1-47BE-B7EB-5A0FCA78DF9F}.Debug|x64.ActiveCfg = Debug|Any CPU
		{DE088E9C-7CA1-47BE-B7EB-5A0FCA78DF9F}.Debug|x64.Build.0 = Debug|Any CPU
		{DE088E9C-7CA1-47BE-B7EB-5A0FCA78DF9F}.Debug|x86.ActiveCfg = Debug|Any CPU
		{DE088E9C-7CA1-47BE-B7EB-5A0FCA78DF9F}.Debug|x86.Build.0 = Debug|Any CPU
		{DE088E9C-7CA1-47BE-B7EB-5A0FCA78DF9F}.Release|Any CPU.ActiveCfg = Release|Any CPU
		{DE088E9C-7CA1-47BE-B7EB-5A0FCA78DF9F}.Release|Any CPU.Build.0 = Release|Any CPU
		{DE088E9C-7CA1-47BE-B7EB-5A0FCA78DF9F}.Release|x64.ActiveCfg = Release|Any CPU
		{DE088E9C-7CA1-47BE-B7EB-5A0FCA78DF9F}.Release|x64.Build.0 = Release|Any CPU
		{DE088E9C-7CA1-47BE-B7EB-5A0FCA78DF9F}.Release|x86.ActiveCfg = Release|Any CPU
		{DE088E9C-7CA1-47BE-B7EB-5A0FCA78DF9F}.Release|x86.Build.0 = Release|Any CPU
	EndGlobalSection
	GlobalSection(SolutionProperties) = preSolution
		HideSolutionNode = FALSE
	EndGlobalSection
	GlobalSection(ExtensibilityGlobals) = postSolution
		SolutionGuid = {A27A5C3E-4072-4A11-9491-3D421DEF6C9B}
	EndGlobalSection
EndGlobal
