
Microsoft Visual Studio Solution File, Format Version 12.00
# Visual Studio Version 17
VisualStudioVersion = 17.13.35825.156 d17.13
MinimumVisualStudioVersion = 10.0.40219.1
Project("{FAE04EC0-301F-11D3-BF4B-00C04F79EFBC}") = "Add DbContext and ConnectionString", "Add DbContext and ConnectionString\Add DbContext and ConnectionString.csproj", "{081BEE35-8050-4ABF-9432-8C649678706F}"
EndProject
Global
	GlobalSection(SolutionConfigurationPlatforms) = preSolution
		Debug|Any CPU = Debug|Any CPU
		Release|Any CPU = Release|Any CPU
	EndGlobalSection
	GlobalSection(ProjectConfigurationPlatforms) = postSolution
		{081BEE35-8050-4ABF-9432-8C649678706F}.Debug|Any CPU.ActiveCfg = Debug|Any CPU
		{081BEE35-8050-4ABF-9432-8C649678706F}.Debug|Any CPU.Build.0 = Debug|Any CPU
		{081BEE35-8050-4ABF-9432-8C649678706F}.Release|Any CPU.ActiveCfg = Release|Any CPU
		{081BEE35-8050-4ABF-9432-8C649678706F}.Release|Any CPU.Build.0 = Release|Any CPU
	EndGlobalSection
	GlobalSection(SolutionProperties) = preSolution
		HideSolutionNode = FALSE
	EndGlobalSection
	GlobalSection(ExtensibilityGlobals) = postSolution
		SolutionGuid = {545B331D-FF20-4A41-B90C-3CF925A56B92}
	EndGlobalSection
EndGlobal
