
Microsoft Visual Studio Solution File, Format Version 12.00
# Visual Studio Version 17
VisualStudioVersion = 17.13.35825.156 d17.13
MinimumVisualStudioVersion = 10.0.40219.1
Project("{FAE04EC0-301F-11D3-BF4B-00C04F79EFBC}") = "EFCore", "EFCore\EFCore.csproj", "{664ECD13-8404-4CED-8FAC-F1A22B7C7336}"
EndProject
Global
	GlobalSection(SolutionConfigurationPlatforms) = preSolution
		Debug|Any CPU = Debug|Any CPU
		Release|Any CPU = Release|Any CPU
	EndGlobalSection
	GlobalSection(ProjectConfigurationPlatforms) = postSolution
		{664ECD13-8404-4CED-8FAC-F1A22B7C7336}.Debug|Any CPU.ActiveCfg = Debug|Any CPU
		{664ECD13-8404-4CED-8FAC-F1A22B7C7336}.Debug|Any CPU.Build.0 = Debug|Any CPU
		{664ECD13-8404-4CED-8FAC-F1A22B7C7336}.Release|Any CPU.ActiveCfg = Release|Any CPU
		{664ECD13-8404-4CED-8FAC-F1A22B7C7336}.Release|Any CPU.Build.0 = Release|Any CPU
	EndGlobalSection
	GlobalSection(SolutionProperties) = preSolution
		HideSolutionNode = FALSE
	EndGlobalSection
	GlobalSection(ExtensibilityGlobals) = postSolution
		SolutionGuid = {135875DA-24EE-4F29-8BC4-816942BDED47}
	EndGlobalSection
EndGlobal
