
Microsoft Visual Studio Solution File, Format Version 12.00
# Visual Studio Version 17
VisualStudioVersion = 17.11.35312.102
MinimumVisualStudioVersion = 10.0.40219.1
Project("{FAE04EC0-301F-11D3-BF4B-00C04F79EFBC}") = "Dependency Injection", "Dependency Injection\Dependency Injection.csproj", "{E0EC1A41-7F0C-4F85-8F97-26D6845D3E32}"
EndProject
Global
	GlobalSection(SolutionConfigurationPlatforms) = preSolution
		Debug|Any CPU = Debug|Any CPU
		Release|Any CPU = Release|Any CPU
	EndGlobalSection
	GlobalSection(ProjectConfigurationPlatforms) = postSolution
		{E0EC1A41-7F0C-4F85-8F97-26D6845D3E32}.Debug|Any CPU.ActiveCfg = Debug|Any CPU
		{E0EC1A41-7F0C-4F85-8F97-26D6845D3E32}.Debug|Any CPU.Build.0 = Debug|Any CPU
		{E0EC1A41-7F0C-4F85-8F97-26D6845D3E32}.Release|Any CPU.ActiveCfg = Release|Any CPU
		{E0EC1A41-7F0C-4F85-8F97-26D6845D3E32}.Release|Any CPU.Build.0 = Release|Any CPU
	EndGlobalSection
	GlobalSection(SolutionProperties) = preSolution
		HideSolutionNode = FALSE
	EndGlobalSection
	GlobalSection(ExtensibilityGlobals) = postSolution
		SolutionGuid = {9434172D-2AB5-4621-B5F2-87BF5CBC0D43}
	EndGlobalSection
EndGlobal
