Microsoft Visual Studio Solution File, Format Version 12.00
# Visual Studio Version 17
VisualStudioVersion = 17.5.2.0
MinimumVisualStudioVersion = 10.0.40219.1
Project("{FAE04EC0-301F-11D3-BF4B-00C04F79EFBC}") = "PureVsImpureFunction", "PureVsImpureFunction\PureVsImpureFunction.csproj", "{75BE7A35-39C0-C43D-3E55-FEFB8DF93414}"
EndProject
Global
	GlobalSection(SolutionConfigurationPlatforms) = preSolution
		Debug|Any CPU = Debug|Any CPU
		Release|Any CPU = Release|Any CPU
	EndGlobalSection
	GlobalSection(ProjectConfigurationPlatforms) = postSolution
		{75BE7A35-39C0-C43D-3E55-FEFB8DF93414}.Debug|Any CPU.ActiveCfg = Debug|Any CPU
		{75BE7A35-39C0-C43D-3E55-FEFB8DF93414}.Debug|Any CPU.Build.0 = Debug|Any CPU
		{75BE7A35-39C0-C43D-3E55-FEFB8DF93414}.Release|Any CPU.ActiveCfg = Release|Any CPU
		{75BE7A35-39C0-C43D-3E55-FEFB8DF93414}.Release|Any CPU.Build.0 = Release|Any CPU
	EndGlobalSection
	GlobalSection(SolutionProperties) = preSolution
		HideSolutionNode = FALSE
	EndGlobalSection
	GlobalSection(ExtensibilityGlobals) = postSolution
		SolutionGuid = {6C024618-6DC9-4468-B600-0952132D04B4}
	EndGlobalSection
EndGlobal
