
Microsoft Visual Studio Solution File, Format Version 12.00
# Visual Studio Version 17
VisualStudioVersion = 17.13.35825.156 d17.13
MinimumVisualStudioVersion = 10.0.40219.1
Project("{FAE04EC0-301F-11D3-BF4B-00C04F79EFBC}") = "JokesWebApp", "JokesWebApp\JokesWebApp.csproj", "{1A4EAE0E-6F4B-4854-AD15-0E6CA6910914}"
EndProject
Global
	GlobalSection(SolutionConfigurationPlatforms) = preSolution
		Debug|Any CPU = Debug|Any CPU
		Release|Any CPU = Release|Any CPU
	EndGlobalSection
	GlobalSection(ProjectConfigurationPlatforms) = postSolution
		{1A4EAE0E-6F4B-4854-AD15-0E6CA6910914}.Debug|Any CPU.ActiveCfg = Debug|Any CPU
		{1A4EAE0E-6F4B-4854-AD15-0E6CA6910914}.Debug|Any CPU.Build.0 = Debug|Any CPU
		{1A4EAE0E-6F4B-4854-AD15-0E6CA6910914}.Release|Any CPU.ActiveCfg = Release|Any CPU
		{1A4EAE0E-6F4B-4854-AD15-0E6CA6910914}.Release|Any CPU.Build.0 = Release|Any CPU
	EndGlobalSection
	GlobalSection(SolutionProperties) = preSolution
		HideSolutionNode = FALSE
	EndGlobalSection
	GlobalSection(ExtensibilityGlobals) = postSolution
		SolutionGuid = {E17EFD0A-23CF-42B4-85FB-9F0B55F82610}
	EndGlobalSection
EndGlobal
