
Microsoft Visual Studio Solution File, Format Version 12.00
# Visual Studio Version 17
VisualStudioVersion = 17.0.31903.59
MinimumVisualStudioVersion = 10.0.40219.1
Project("{FAE04EC0-301F-11D3-BF4B-00C04F79EFBC}") = "Generics", "Generics\Generics.csproj", "{00E48C1E-0828-44FD-9651-55056C22D15D}"
EndProject
Project("{FAE04EC0-301F-11D3-BF4B-00C04F79EFBC}") = "LINQ - Intro", "LINQ - Intro\LINQ - Intro.csproj", "{BD9F7D08-041A-4AE0-8F2D-0966FD8ECAEC}"
EndProject
Project("{FAE04EC0-301F-11D3-BF4B-00C04F79EFBC}") = "LINQ - Sorting", "LINQ - Sorting\LINQ - Sorting.csproj", "{27EC75F6-7D87-4471-B863-2CAAFA564381}"
EndProject
Project("{FAE04EC0-301F-11D3-BF4B-00C04F79EFBC}") = "LINQ - Quantifiers, Partitioning, and Set Operations", "LINQ - Quantifiers, Partitioning, and Set Operations\LINQ - Quantifiers, Partitioning, and Set Operations.csproj", "{63D83AE6-71A0-4F94-A54B-02D01D44C48A}"
EndProject
Project("{FAE04EC0-301F-11D3-BF4B-00C04F79EFBC}") = "LINQ - Joins and Grouping", "LINQ - Joins and Grouping\LINQ - Joins and Grouping.csproj", "{C55879B9-A499-40F1-8BDC-E7855D939644}"
EndProject
Project("{FAE04EC0-301F-11D3-BF4B-00C04F79EFBC}") = "Operator Overloading", "Operator Overloading\Operator Overloading.csproj", "{6DC9A91E-4C72-4245-BEBB-D0ADEDE92B77}"
EndProject
Project("{FAE04EC0-301F-11D3-BF4B-00C04F79EFBC}") = "Records", "Records\Records.csproj", "{4A828A6B-3B46-495F-A93D-7A2492E35C45}"
EndProject
Project("{FAE04EC0-301F-11D3-BF4B-00C04F79EFBC}") = "Reflection", "Reflection\Reflection.csproj", "{3317476A-AA0A-45A4-989D-D2697EF40E72}"
EndProject
Global
	GlobalSection(SolutionConfigurationPlatforms) = preSolution
		Debug|Any CPU = Debug|Any CPU
		Debug|x64 = Debug|x64
		Debug|x86 = Debug|x86
		Release|Any CPU = Release|Any CPU
		Release|x64 = Release|x64
		Release|x86 = Release|x86
	EndGlobalSection
	GlobalSection(ProjectConfigurationPlatforms) = postSolution
		{00E48C1E-0828-44FD-9651-55056C22D15D}.Debug|Any CPU.ActiveCfg = Debug|Any CPU
		{00E48C1E-0828-44FD-9651-55056C22D15D}.Debug|Any CPU.Build.0 = Debug|Any CPU
		{00E48C1E-0828-44FD-9651-55056C22D15D}.Debug|x64.ActiveCfg = Debug|Any CPU
		{00E48C1E-0828-44FD-9651-55056C22D15D}.Debug|x64.Build.0 = Debug|Any CPU
		{00E48C1E-0828-44FD-9651-55056C22D15D}.Debug|x86.ActiveCfg = Debug|Any CPU
		{00E48C1E-0828-44FD-9651-55056C22D15D}.Debug|x86.Build.0 = Debug|Any CPU
		{00E48C1E-0828-44FD-9651-55056C22D15D}.Release|Any CPU.ActiveCfg = Release|Any CPU
		{00E48C1E-0828-44FD-9651-55056C22D15D}.Release|Any CPU.Build.0 = Release|Any CPU
		{00E48C1E-0828-44FD-9651-55056C22D15D}.Release|x64.ActiveCfg = Release|Any CPU
		{00E48C1E-0828-44FD-9651-55056C22D15D}.Release|x64.Build.0 = Release|Any CPU
		{00E48C1E-0828-44FD-9651-55056C22D15D}.Release|x86.ActiveCfg = Release|Any CPU
		{00E48C1E-0828-44FD-9651-55056C22D15D}.Release|x86.Build.0 = Release|Any CPU
		{BD9F7D08-041A-4AE0-8F2D-0966FD8ECAEC}.Debug|Any CPU.ActiveCfg = Debug|Any CPU
		{BD9F7D08-041A-4AE0-8F2D-0966FD8ECAEC}.Debug|Any CPU.Build.0 = Debug|Any CPU
		{BD9F7D08-041A-4AE0-8F2D-0966FD8ECAEC}.Debug|x64.ActiveCfg = Debug|Any CPU
		{BD9F7D08-041A-4AE0-8F2D-0966FD8ECAEC}.Debug|x64.Build.0 = Debug|Any CPU
		{BD9F7D08-041A-4AE0-8F2D-0966FD8ECAEC}.Debug|x86.ActiveCfg = Debug|Any CPU
		{BD9F7D08-041A-4AE0-8F2D-0966FD8ECAEC}.Debug|x86.Build.0 = Debug|Any CPU
		{BD9F7D08-041A-4AE0-8F2D-0966FD8ECAEC}.Release|Any CPU.ActiveCfg = Release|Any CPU
		{BD9F7D08-041A-4AE0-8F2D-0966FD8ECAEC}.Release|Any CPU.Build.0 = Release|Any CPU
		{BD9F7D08-041A-4AE0-8F2D-0966FD8ECAEC}.Release|x64.ActiveCfg = Release|Any CPU
		{BD9F7D08-041A-4AE0-8F2D-0966FD8ECAEC}.Release|x64.Build.0 = Release|Any CPU
		{BD9F7D08-041A-4AE0-8F2D-0966FD8ECAEC}.Release|x86.ActiveCfg = Release|Any CPU
		{BD9F7D08-041A-4AE0-8F2D-0966FD8ECAEC}.Release|x86.Build.0 = Release|Any CPU
		{27EC75F6-7D87-4471-B863-2CAAFA564381}.Debug|Any CPU.ActiveCfg = Debug|Any CPU
		{27EC75F6-7D87-4471-B863-2CAAFA564381}.Debug|Any CPU.Build.0 = Debug|Any CPU
		{27EC75F6-7D87-4471-B863-2CAAFA564381}.Debug|x64.ActiveCfg = Debug|Any CPU
		{27EC75F6-7D87-4471-B863-2CAAFA564381}.Debug|x64.Build.0 = Debug|Any CPU
		{27EC75F6-7D87-4471-B863-2CAAFA564381}.Debug|x86.ActiveCfg = Debug|Any CPU
		{27EC75F6-7D87-4471-B863-2CAAFA564381}.Debug|x86.Build.0 = Debug|Any CPU
		{27EC75F6-7D87-4471-B863-2CAAFA564381}.Release|Any CPU.ActiveCfg = Release|Any CPU
		{27EC75F6-7D87-4471-B863-2CAAFA564381}.Release|Any CPU.Build.0 = Release|Any CPU
		{27EC75F6-7D87-4471-B863-2CAAFA564381}.Release|x64.ActiveCfg = Release|Any CPU
		{27EC75F6-7D87-4471-B863-2CAAFA564381}.Release|x64.Build.0 = Release|Any CPU
		{27EC75F6-7D87-4471-B863-2CAAFA564381}.Release|x86.ActiveCfg = Release|Any CPU
		{27EC75F6-7D87-4471-B863-2CAAFA564381}.Release|x86.Build.0 = Release|Any CPU
		{63D83AE6-71A0-4F94-A54B-02D01D44C48A}.Debug|Any CPU.ActiveCfg = Debug|Any CPU
		{63D83AE6-71A0-4F94-A54B-02D01D44C48A}.Debug|Any CPU.Build.0 = Debug|Any CPU
		{63D83AE6-71A0-4F94-A54B-02D01D44C48A}.Debug|x64.ActiveCfg = Debug|Any CPU
		{63D83AE6-71A0-4F94-A54B-02D01D44C48A}.Debug|x64.Build.0 = Debug|Any CPU
		{63D83AE6-71A0-4F94-A54B-02D01D44C48A}.Debug|x86.ActiveCfg = Debug|Any CPU
		{63D83AE6-71A0-4F94-A54B-02D01D44C48A}.Debug|x86.Build.0 = Debug|Any CPU
		{63D83AE6-71A0-4F94-A54B-02D01D44C48A}.Release|Any CPU.ActiveCfg = Release|Any CPU
		{63D83AE6-71A0-4F94-A54B-02D01D44C48A}.Release|Any CPU.Build.0 = Release|Any CPU
		{63D83AE6-71A0-4F94-A54B-02D01D44C48A}.Release|x64.ActiveCfg = Release|Any CPU
		{63D83AE6-71A0-4F94-A54B-02D01D44C48A}.Release|x64.Build.0 = Release|Any CPU
		{63D83AE6-71A0-4F94-A54B-02D01D44C48A}.Release|x86.ActiveCfg = Release|Any CPU
		{63D83AE6-71A0-4F94-A54B-02D01D44C48A}.Release|x86.Build.0 = Release|Any CPU
		{C55879B9-A499-40F1-8BDC-E7855D939644}.Debug|Any CPU.ActiveCfg = Debug|Any CPU
		{C55879B9-A499-40F1-8BDC-E7855D939644}.Debug|Any CPU.Build.0 = Debug|Any CPU
		{C55879B9-A499-40F1-8BDC-E7855D939644}.Debug|x64.ActiveCfg = Debug|Any CPU
		{C55879B9-A499-40F1-8BDC-E7855D939644}.Debug|x64.Build.0 = Debug|Any CPU
		{C55879B9-A499-40F1-8BDC-E7855D939644}.Debug|x86.ActiveCfg = Debug|Any CPU
		{C55879B9-A499-40F1-8BDC-E7855D939644}.Debug|x86.Build.0 = Debug|Any CPU
		{C55879B9-A499-40F1-8BDC-E7855D939644}.Release|Any CPU.ActiveCfg = Release|Any CPU
		{C55879B9-A499-40F1-8BDC-E7855D939644}.Release|Any CPU.Build.0 = Release|Any CPU
		{C55879B9-A499-40F1-8BDC-E7855D939644}.Release|x64.ActiveCfg = Release|Any CPU
		{C55879B9-A499-40F1-8BDC-E7855D939644}.Release|x64.Build.0 = Release|Any CPU
		{C55879B9-A499-40F1-8BDC-E7855D939644}.Release|x86.ActiveCfg = Release|Any CPU
		{C55879B9-A499-40F1-8BDC-E7855D939644}.Release|x86.Build.0 = Release|Any CPU
		{6DC9A91E-4C72-4245-BEBB-D0ADEDE92B77}.Debug|Any CPU.ActiveCfg = Debug|Any CPU
		{6DC9A91E-4C72-4245-BEBB-D0ADEDE92B77}.Debug|Any CPU.Build.0 = Debug|Any CPU
		{6DC9A91E-4C72-4245-BEBB-D0ADEDE92B77}.Debug|x64.ActiveCfg = Debug|Any CPU
		{6DC9A91E-4C72-4245-BEBB-D0ADEDE92B77}.Debug|x64.Build.0 = Debug|Any CPU
		{6DC9A91E-4C72-4245-BEBB-D0ADEDE92B77}.Debug|x86.ActiveCfg = Debug|Any CPU
		{6DC9A91E-4C72-4245-BEBB-D0ADEDE92B77}.Debug|x86.Build.0 = Debug|Any CPU
		{6DC9A91E-4C72-4245-BEBB-D0ADEDE92B77}.Release|Any CPU.ActiveCfg = Release|Any CPU
		{6DC9A91E-4C72-4245-BEBB-D0ADEDE92B77}.Release|Any CPU.Build.0 = Release|Any CPU
		{6DC9A91E-4C72-4245-BEBB-D0ADEDE92B77}.Release|x64.ActiveCfg = Release|Any CPU
		{6DC9A91E-4C72-4245-BEBB-D0ADEDE92B77}.Release|x64.Build.0 = Release|Any CPU
		{6DC9A91E-4C72-4245-BEBB-D0ADEDE92B77}.Release|x86.ActiveCfg = Release|Any CPU
		{6DC9A91E-4C72-4245-BEBB-D0ADEDE92B77}.Release|x86.Build.0 = Release|Any CPU
		{4A828A6B-3B46-495F-A93D-7A2492E35C45}.Debug|Any CPU.ActiveCfg = Debug|Any CPU
		{4A828A6B-3B46-495F-A93D-7A2492E35C45}.Debug|Any CPU.Build.0 = Debug|Any CPU
		{4A828A6B-3B46-495F-A93D-7A2492E35C45}.Debug|x64.ActiveCfg = Debug|Any CPU
		{4A828A6B-3B46-495F-A93D-7A2492E35C45}.Debug|x64.Build.0 = Debug|Any CPU
		{4A828A6B-3B46-495F-A93D-7A2492E35C45}.Debug|x86.ActiveCfg = Debug|Any CPU
		{4A828A6B-3B46-495F-A93D-7A2492E35C45}.Debug|x86.Build.0 = Debug|Any CPU
		{4A828A6B-3B46-495F-A93D-7A2492E35C45}.Release|Any CPU.ActiveCfg = Release|Any CPU
		{4A828A6B-3B46-495F-A93D-7A2492E35C45}.Release|Any CPU.Build.0 = Release|Any CPU
		{4A828A6B-3B46-495F-A93D-7A2492E35C45}.Release|x64.ActiveCfg = Release|Any CPU
		{4A828A6B-3B46-495F-A93D-7A2492E35C45}.Release|x64.Build.0 = Release|Any CPU
		{4A828A6B-3B46-495F-A93D-7A2492E35C45}.Release|x86.ActiveCfg = Release|Any CPU
		{4A828A6B-3B46-495F-A93D-7A2492E35C45}.Release|x86.Build.0 = Release|Any CPU
		{3317476A-AA0A-45A4-989D-D2697EF40E72}.Debug|Any CPU.ActiveCfg = Debug|Any CPU
		{3317476A-AA0A-45A4-989D-D2697EF40E72}.Debug|Any CPU.Build.0 = Debug|Any CPU
		{3317476A-AA0A-45A4-989D-D2697EF40E72}.Debug|x64.ActiveCfg = Debug|Any CPU
		{3317476A-AA0A-45A4-989D-D2697EF40E72}.Debug|x64.Build.0 = Debug|Any CPU
		{3317476A-AA0A-45A4-989D-D2697EF40E72}.Debug|x86.ActiveCfg = Debug|Any CPU
		{3317476A-AA0A-45A4-989D-D2697EF40E72}.Debug|x86.Build.0 = Debug|Any CPU
		{3317476A-AA0A-45A4-989D-D2697EF40E72}.Release|Any CPU.ActiveCfg = Release|Any CPU
		{3317476A-AA0A-45A4-989D-D2697EF40E72}.Release|Any CPU.Build.0 = Release|Any CPU
		{3317476A-AA0A-45A4-989D-D2697EF40E72}.Release|x64.ActiveCfg = Release|Any CPU
		{3317476A-AA0A-45A4-989D-D2697EF40E72}.Release|x64.Build.0 = Release|Any CPU
		{3317476A-AA0A-45A4-989D-D2697EF40E72}.Release|x86.ActiveCfg = Release|Any CPU
		{3317476A-AA0A-45A4-989D-D2697EF40E72}.Release|x86.Build.0 = Release|Any CPU
	EndGlobalSection
	GlobalSection(SolutionProperties) = preSolution
		HideSolutionNode = FALSE
	EndGlobalSection
EndGlobal
