
Microsoft Visual Studio Solution File, Format Version 12.00
# Visual Studio Version 17
VisualStudioVersion = 17.13.35825.156 d17.13
MinimumVisualStudioVersion = 10.0.40219.1
Project("{FAE04EC0-301F-11D3-BF4B-00C04F79EFBC}") = "Entity Framework Core", "Entity Framework Core\Entity Framework Core.csproj", "{46D3271E-08BF-41D7-A4DD-2A6FFE25EC0F}"
EndProject
Global
	GlobalSection(SolutionConfigurationPlatforms) = preSolution
		Debug|Any CPU = Debug|Any CPU
		Release|Any CPU = Release|Any CPU
	EndGlobalSection
	GlobalSection(ProjectConfigurationPlatforms) = postSolution
		{46D3271E-08BF-41D7-A4DD-2A6FFE25EC0F}.Debug|Any CPU.ActiveCfg = Debug|Any CPU
		{46D3271E-08BF-41D7-A4DD-2A6FFE25EC0F}.Debug|Any CPU.Build.0 = Debug|Any CPU
		{46D3271E-08BF-41D7-A4DD-2A6FFE25EC0F}.Release|Any CPU.ActiveCfg = Release|Any CPU
		{46D3271E-08BF-41D7-A4DD-2A6FFE25EC0F}.Release|Any CPU.Build.0 = Release|Any CPU
	EndGlobalSection
	GlobalSection(SolutionProperties) = preSolution
		HideSolutionNode = FALSE
	EndGlobalSection
	GlobalSection(ExtensibilityGlobals) = postSolution
		SolutionGuid = {FF3A42CA-2D1A-4851-8954-712F2511CF89}
	EndGlobalSection
EndGlobal
