
Microsoft Visual Studio Solution File, Format Version 12.00
# Visual Studio Version 17
VisualStudioVersion = 17.9.34902.65
MinimumVisualStudioVersion = 10.0.40219.1
Project("{FAE04EC0-301F-11D3-BF4B-00C04F79EFBC}") = "06 _ Task-Based Asynchronous Pattern (TAP)", "06 _ Task-Based Asynchronous Pattern (TAP)\06 _ Task-Based Asynchronous Pattern (TAP).csproj", "{86E4C653-BB66-4468-A3F8-7A8768CA0BE9}"
EndProject
Global
	GlobalSection(SolutionConfigurationPlatforms) = preSolution
		Debug|Any CPU = Debug|Any CPU
		Release|Any CPU = Release|Any CPU
	EndGlobalSection
	GlobalSection(ProjectConfigurationPlatforms) = postSolution
		{86E4C653-BB66-4468-A3F8-7A8768CA0BE9}.Debug|Any CPU.ActiveCfg = Debug|Any CPU
		{86E4C653-BB66-4468-A3F8-7A8768CA0BE9}.Debug|Any CPU.Build.0 = Debug|Any CPU
		{86E4C653-BB66-4468-A3F8-7A8768CA0BE9}.Release|Any CPU.ActiveCfg = Release|Any CPU
		{86E4C653-BB66-4468-A3F8-7A8768CA0BE9}.Release|Any CPU.Build.0 = Release|Any CPU
	EndGlobalSection
	GlobalSection(SolutionProperties) = preSolution
		HideSolutionNode = FALSE
	EndGlobalSection
	GlobalSection(ExtensibilityGlobals) = postSolution
		SolutionGuid = {02486BBD-19BB-46B9-998C-AED6D1083928}
	EndGlobalSection
EndGlobal
