
Microsoft Visual Studio Solution File, Format Version 12.00
# Visual Studio Version 17
VisualStudioVersion = 17.13.35825.156 d17.13
MinimumVisualStudioVersion = 10.0.40219.1
Project("{FAE04EC0-301F-11D3-BF4B-00C04F79EFBC}") = "WebAPI2", "WebAPI2\WebAPI2.csproj", "{392F19AF-115D-47C7-9E51-D959984B1314}"
EndProject
Global
	GlobalSection(SolutionConfigurationPlatforms) = preSolution
		Debug|Any CPU = Debug|Any CPU
		Release|Any CPU = Release|Any CPU
	EndGlobalSection
	GlobalSection(ProjectConfigurationPlatforms) = postSolution
		{392F19AF-115D-47C7-9E51-D959984B1314}.Debug|Any CPU.ActiveCfg = Debug|Any CPU
		{392F19AF-115D-47C7-9E51-D959984B1314}.Debug|Any CPU.Build.0 = Debug|Any CPU
		{392F19AF-115D-47C7-9E51-D959984B1314}.Release|Any CPU.ActiveCfg = Release|Any CPU
		{392F19AF-115D-47C7-9E51-D959984B1314}.Release|Any CPU.Build.0 = Release|Any CPU
	EndGlobalSection
	GlobalSection(SolutionProperties) = preSolution
		HideSolutionNode = FALSE
	EndGlobalSection
	GlobalSection(ExtensibilityGlobals) = postSolution
		SolutionGuid = {7BD7A143-D5CA-4621-A7A3-D59BC40293EB}
	EndGlobalSection
EndGlobal
