
Microsoft Visual Studio Solution File, Format Version 12.00
# Visual Studio Version 17
VisualStudioVersion = 17.13.35825.156 d17.13
MinimumVisualStudioVersion = 10.0.40219.1
Project("{FAE04EC0-301F-11D3-BF4B-00C04F79EFBC}") = "Reflection", "Reflection\Reflection.csproj", "{7A3C0937-B3F1-4A04-A142-7A0C44066B2E}"
EndProject
Project("{FAE04EC0-301F-11D3-BF4B-00C04F79EFBC}") = "MyFirstExtension", "MyFirstExtension\MyFirstExtension.csproj", "{F8DC7669-C811-47EB-9B2B-D0520868986D}"
EndProject
Project("{FAE04EC0-301F-11D3-BF4B-00C04F79EFBC}") = "MySecondExtension", "MySecondExtension\MySecondExtension.csproj", "{5BE74C99-C94D-4510-B80C-35A1CF44E0B2}"
EndProject
Global
	GlobalSection(SolutionConfigurationPlatforms) = preSolution
		Debug|Any CPU = Debug|Any CPU
		Release|Any CPU = Release|Any CPU
	EndGlobalSection
	GlobalSection(ProjectConfigurationPlatforms) = postSolution
		{7A3C0937-B3F1-4A04-A142-7A0C44066B2E}.Debug|Any CPU.ActiveCfg = Debug|Any CPU
		{7A3C0937-B3F1-4A04-A142-7A0C44066B2E}.Debug|Any CPU.Build.0 = Debug|Any CPU
		{7A3C0937-B3F1-4A04-A142-7A0C44066B2E}.Release|Any CPU.ActiveCfg = Release|Any CPU
		{7A3C0937-B3F1-4A04-A142-7A0C44066B2E}.Release|Any CPU.Build.0 = Release|Any CPU
		{F8DC7669-C811-47EB-9B2B-D0520868986D}.Debug|Any CPU.ActiveCfg = Debug|Any CPU
		{F8DC7669-C811-47EB-9B2B-D0520868986D}.Debug|Any CPU.Build.0 = Debug|Any CPU
		{F8DC7669-C811-47EB-9B2B-D0520868986D}.Release|Any CPU.ActiveCfg = Release|Any CPU
		{F8DC7669-C811-47EB-9B2B-D0520868986D}.Release|Any CPU.Build.0 = Release|Any CPU
		{5BE74C99-C94D-4510-B80C-35A1CF44E0B2}.Debug|Any CPU.ActiveCfg = Debug|Any CPU
		{5BE74C99-C94D-4510-B80C-35A1CF44E0B2}.Debug|Any CPU.Build.0 = Debug|Any CPU
		{5BE74C99-C94D-4510-B80C-35A1CF44E0B2}.Release|Any CPU.ActiveCfg = Release|Any CPU
		{5BE74C99-C94D-4510-B80C-35A1CF44E0B2}.Release|Any CPU.Build.0 = Release|Any CPU
	EndGlobalSection
	GlobalSection(SolutionProperties) = preSolution
		HideSolutionNode = FALSE
	EndGlobalSection
	GlobalSection(ExtensibilityGlobals) = postSolution
		SolutionGuid = {D24C3683-D434-49FA-87B3-A2D11FE1672D}
	EndGlobalSection
EndGlobal
